// !$*UTF8*$!
{
	archiveVersion = 1;
	classes = {
	};
	objectVersion = 56;
	objects = {

/* Begin PBXBuildFile section */
		3E2E316A2BE56A8900D740F0 /* CoordinatorProtocol.swift in Sources */ = {isa = PBXBuildFile; fileRef = 3E2E31692BE56A8900D740F0 /* CoordinatorProtocol.swift */; };
		3E2E316C2BE56ADD00D740F0 /* Coordinator.swift in Sources */ = {isa = PBXBuildFile; fileRef = 3E2E316B2BE56ADD00D740F0 /* Coordinator.swift */; };
		3E31830B2C02024100B0DB59 /* SnapKit in Frameworks */ = {isa = PBXBuildFile; productRef = 3E31830A2C02024100B0DB59 /* SnapKit */; };
		3E5DD8162BE65BD900688F90 /* AppCoordinator.swift in Sources */ = {isa = PBXBuildFile; fileRef = 3E5DD8152BE65BD900688F90 /* AppCoordinator.swift */; };
		3E5DD8182BE65C0100688F90 /* Onboarding Coordinator.swift in Sources */ = {isa = PBXBuildFile; fileRef = 3E5DD8172BE65C0100688F90 /* Onboarding Coordinator.swift */; };
		3E5DD81A2BE65C0E00688F90 /* AuthenticationCoordinator.swift in Sources */ = {isa = PBXBuildFile; fileRef = 3E5DD8192BE65C0E00688F90 /* AuthenticationCoordinator.swift */; };
		3E5DD81C2BE65C2500688F90 /* ContactsCoordinator.swift in Sources */ = {isa = PBXBuildFile; fileRef = 3E5DD81B2BE65C2500688F90 /* ContactsCoordinator.swift */; };
		3E5DD81E2BE65C2C00688F90 /* ChatsCoordinator.swift in Sources */ = {isa = PBXBuildFile; fileRef = 3E5DD81D2BE65C2C00688F90 /* ChatsCoordinator.swift */; };
		3E5DD8202BE65C4300688F90 /* SettingsCoordinator.swift in Sources */ = {isa = PBXBuildFile; fileRef = 3E5DD81F2BE65C4300688F90 /* SettingsCoordinator.swift */; };
		3E5DD8252BE65C8300688F90 /* SceneFactory.swift in Sources */ = {isa = PBXBuildFile; fileRef = 3E5DD8242BE65C8300688F90 /* SceneFactory.swift */; };
		3E5DD8272BE65CC900688F90 /* UserStorage.swift in Sources */ = {isa = PBXBuildFile; fileRef = 3E5DD8262BE65CC900688F90 /* UserStorage.swift */; };
		3E5DD82A2BE65E0E00688F90 /* OnboardingViewController.swift in Sources */ = {isa = PBXBuildFile; fileRef = 3E5DD8292BE65E0E00688F90 /* OnboardingViewController.swift */; };
		3E5DD82D2BE6B50F00688F90 /* TabBarController.swift in Sources */ = {isa = PBXBuildFile; fileRef = 3E5DD82C2BE6B50F00688F90 /* TabBarController.swift */; };
		3E5DD8382BE6B67800688F90 /* ContactsViewController.swift in Sources */ = {isa = PBXBuildFile; fileRef = 3E5DD8372BE6B67800688F90 /* ContactsViewController.swift */; };
		3E5DD83A2BE6B6C700688F90 /* SettingsViewController.swift in Sources */ = {isa = PBXBuildFile; fileRef = 3E5DD8392BE6B6C700688F90 /* SettingsViewController.swift */; };
		3E5DD83C2BE6B6DB00688F90 /* ChatsViewController.swift in Sources */ = {isa = PBXBuildFile; fileRef = 3E5DD83B2BE6B6DB00688F90 /* ChatsViewController.swift */; };
		3E6C32C72BF0CAFE00DDC082 /* ValidationOptions.swift in Sources */ = {isa = PBXBuildFile; fileRef = 3E6C32C62BF0CAFE00DDC082 /* ValidationOptions.swift */; };
		3E6C32C92BF1133900DDC082 /* ForgotPasswordViewController.swift in Sources */ = {isa = PBXBuildFile; fileRef = 3E6C32C82BF1133900DDC082 /* ForgotPasswordViewController.swift */; };
		3E6C32CB2BF1135800DDC082 /* ForgotPasswordPresenter.swift in Sources */ = {isa = PBXBuildFile; fileRef = 3E6C32CA2BF1135800DDC082 /* ForgotPasswordPresenter.swift */; };
		3E6C32CD2BF1143400DDC082 /* PopUpView.swift in Sources */ = {isa = PBXBuildFile; fileRef = 3E6C32CC2BF1143400DDC082 /* PopUpView.swift */; };
		3E6C5B162BEF8323005B8561 /* AppRegex.swift in Sources */ = {isa = PBXBuildFile; fileRef = 3E6C5B152BEF8323005B8561 /* AppRegex.swift */; };
		3E6C5B182BEF8349005B8561 /* UILabel+Extension.swift in Sources */ = {isa = PBXBuildFile; fileRef = 3E6C5B172BEF8349005B8561 /* UILabel+Extension.swift */; };
		3E6C5B1A2BEFDB41005B8561 /* UIViewController+Extension.swift in Sources */ = {isa = PBXBuildFile; fileRef = 3E6C5B192BEFDB41005B8561 /* UIViewController+Extension.swift */; };
		3E6C5B1F2BEFE246005B8561 /* SettingsPresenter.swift in Sources */ = {isa = PBXBuildFile; fileRef = 3E6C5B1E2BEFE246005B8561 /* SettingsPresenter.swift */; };
		3E6C5B212BF011C3005B8561 /* UserManager.swift in Sources */ = {isa = PBXBuildFile; fileRef = 3E6C5B202BF011C3005B8561 /* UserManager.swift */; };
		3E6F07032BED556F00F868F2 /* AuthenticationBeginningViewController.swift in Sources */ = {isa = PBXBuildFile; fileRef = 3E6F07022BED556F00F868F2 /* AuthenticationBeginningViewController.swift */; };
		3E6F07052BED566800F868F2 /* UIView+Extension.swift in Sources */ = {isa = PBXBuildFile; fileRef = 3E6F07042BED566800F868F2 /* UIView+Extension.swift */; };
		3E6F07072BED5A0F00F868F2 /* AuthenticationBeginningPresenter.swift in Sources */ = {isa = PBXBuildFile; fileRef = 3E6F07062BED5A0F00F868F2 /* AuthenticationBeginningPresenter.swift */; };
		3E6F07092BED5F4A00F868F2 /* SignInPresenter.swift in Sources */ = {isa = PBXBuildFile; fileRef = 3E6F07082BED5F4A00F868F2 /* SignInPresenter.swift */; };
		3E6F070B2BED5F5300F868F2 /* SignUpPresenter.swift in Sources */ = {isa = PBXBuildFile; fileRef = 3E6F070A2BED5F5300F868F2 /* SignUpPresenter.swift */; };
		3E7079A52BE55EB300E17DBC /* AppDelegate.swift in Sources */ = {isa = PBXBuildFile; fileRef = 3E7079A42BE55EB300E17DBC /* AppDelegate.swift */; };
		3E7079A72BE55EB300E17DBC /* SceneDelegate.swift in Sources */ = {isa = PBXBuildFile; fileRef = 3E7079A62BE55EB300E17DBC /* SceneDelegate.swift */; };
		3E7079A92BE55EB300E17DBC /* ViewController.swift in Sources */ = {isa = PBXBuildFile; fileRef = 3E7079A82BE55EB300E17DBC /* ViewController.swift */; };
		3E7079AE2BE55EB400E17DBC /* Assets.xcassets in Resources */ = {isa = PBXBuildFile; fileRef = 3E7079AD2BE55EB400E17DBC /* Assets.xcassets */; };
		3E7079B12BE55EB400E17DBC /* LaunchScreen.storyboard in Resources */ = {isa = PBXBuildFile; fileRef = 3E7079AF2BE55EB400E17DBC /* LaunchScreen.storyboard */; };
		3E7079C92BE5616100E17DBC /* Roboto-Medium.ttf in Resources */ = {isa = PBXBuildFile; fileRef = 3E7079BC2BE5616100E17DBC /* Roboto-Medium.ttf */; };
		3E7079CA2BE5616100E17DBC /* Roboto-Light.ttf in Resources */ = {isa = PBXBuildFile; fileRef = 3E7079BD2BE5616100E17DBC /* Roboto-Light.ttf */; };
		3E7079CB2BE5616100E17DBC /* Roboto-Regular.ttf in Resources */ = {isa = PBXBuildFile; fileRef = 3E7079BE2BE5616100E17DBC /* Roboto-Regular.ttf */; };
		3E7079CC2BE5616100E17DBC /* Roboto-MediumItalic.ttf in Resources */ = {isa = PBXBuildFile; fileRef = 3E7079BF2BE5616100E17DBC /* Roboto-MediumItalic.ttf */; };
		3E7079CD2BE5616100E17DBC /* Roboto-ThinItalic.ttf in Resources */ = {isa = PBXBuildFile; fileRef = 3E7079C02BE5616100E17DBC /* Roboto-ThinItalic.ttf */; };
		3E7079CE2BE5616100E17DBC /* Roboto-BoldItalic.ttf in Resources */ = {isa = PBXBuildFile; fileRef = 3E7079C12BE5616100E17DBC /* Roboto-BoldItalic.ttf */; };
		3E7079CF2BE5616100E17DBC /* Roboto-LightItalic.ttf in Resources */ = {isa = PBXBuildFile; fileRef = 3E7079C22BE5616100E17DBC /* Roboto-LightItalic.ttf */; };
		3E7079D02BE5616100E17DBC /* Roboto-Italic.ttf in Resources */ = {isa = PBXBuildFile; fileRef = 3E7079C32BE5616100E17DBC /* Roboto-Italic.ttf */; };
		3E7079D12BE5616100E17DBC /* LICENSE.txt in Resources */ = {isa = PBXBuildFile; fileRef = 3E7079C42BE5616100E17DBC /* LICENSE.txt */; };
		3E7079D22BE5616100E17DBC /* Roboto-BlackItalic.ttf in Resources */ = {isa = PBXBuildFile; fileRef = 3E7079C52BE5616100E17DBC /* Roboto-BlackItalic.ttf */; };
		3E7079D32BE5616100E17DBC /* Roboto-Bold.ttf in Resources */ = {isa = PBXBuildFile; fileRef = 3E7079C62BE5616100E17DBC /* Roboto-Bold.ttf */; };
		3E7079D42BE5616100E17DBC /* Roboto-Thin.ttf in Resources */ = {isa = PBXBuildFile; fileRef = 3E7079C72BE5616100E17DBC /* Roboto-Thin.ttf */; };
		3E7079D52BE5616100E17DBC /* Roboto-Black.ttf in Resources */ = {isa = PBXBuildFile; fileRef = 3E7079C82BE5616100E17DBC /* Roboto-Black.ttf */; };
		3E7079D72BE5629A00E17DBC /* UIFont+Extension.swift in Sources */ = {isa = PBXBuildFile; fileRef = 3E7079D62BE5629A00E17DBC /* UIFont+Extension.swift */; };
		3E7079DF2BE564C500E17DBC /* FirebaseAuth in Frameworks */ = {isa = PBXBuildFile; productRef = 3E7079DE2BE564C500E17DBC /* FirebaseAuth */; };
		3E7079E12BE564C500E17DBC /* FirebaseAuthCombine-Community in Frameworks */ = {isa = PBXBuildFile; productRef = 3E7079E02BE564C500E17DBC /* FirebaseAuthCombine-Community */; };
		3E7079E32BE564C500E17DBC /* FirebaseCrashlytics in Frameworks */ = {isa = PBXBuildFile; productRef = 3E7079E22BE564C500E17DBC /* FirebaseCrashlytics */; };
		3E7079E52BE564C500E17DBC /* FirebaseDatabase in Frameworks */ = {isa = PBXBuildFile; productRef = 3E7079E42BE564C500E17DBC /* FirebaseDatabase */; };
		3E7079E72BE564C500E17DBC /* FirebaseDatabaseSwift in Frameworks */ = {isa = PBXBuildFile; productRef = 3E7079E62BE564C500E17DBC /* FirebaseDatabaseSwift */; };
		3E7079E92BE564C500E17DBC /* FirebaseDynamicLinks in Frameworks */ = {isa = PBXBuildFile; productRef = 3E7079E82BE564C500E17DBC /* FirebaseDynamicLinks */; };
		3E7079EB2BE564C500E17DBC /* FirebaseFirestore in Frameworks */ = {isa = PBXBuildFile; productRef = 3E7079EA2BE564C500E17DBC /* FirebaseFirestore */; };
		3E7079ED2BE564C500E17DBC /* FirebaseFirestoreSwift in Frameworks */ = {isa = PBXBuildFile; productRef = 3E7079EC2BE564C500E17DBC /* FirebaseFirestoreSwift */; };
		3E7079EF2BE564C500E17DBC /* FirebaseFunctions in Frameworks */ = {isa = PBXBuildFile; productRef = 3E7079EE2BE564C500E17DBC /* FirebaseFunctions */; };
		3E7079F12BE564C500E17DBC /* FirebaseFunctionsCombine-Community in Frameworks */ = {isa = PBXBuildFile; productRef = 3E7079F02BE564C500E17DBC /* FirebaseFunctionsCombine-Community */; };
		3E7079F32BE564C500E17DBC /* FirebaseInAppMessaging-Beta in Frameworks */ = {isa = PBXBuildFile; productRef = 3E7079F22BE564C500E17DBC /* FirebaseInAppMessaging-Beta */; };
		3E7079F52BE564C500E17DBC /* FirebaseInAppMessagingSwift-Beta in Frameworks */ = {isa = PBXBuildFile; productRef = 3E7079F42BE564C500E17DBC /* FirebaseInAppMessagingSwift-Beta */; };
		3E7079F72BE564C500E17DBC /* FirebaseInstallations in Frameworks */ = {isa = PBXBuildFile; productRef = 3E7079F62BE564C500E17DBC /* FirebaseInstallations */; };
		3E7079F92BE564C500E17DBC /* FirebaseMLModelDownloader in Frameworks */ = {isa = PBXBuildFile; productRef = 3E7079F82BE564C500E17DBC /* FirebaseMLModelDownloader */; };
		3E7079FB2BE564C500E17DBC /* FirebaseMessaging in Frameworks */ = {isa = PBXBuildFile; productRef = 3E7079FA2BE564C500E17DBC /* FirebaseMessaging */; };
		3E7079FD2BE564C500E17DBC /* FirebasePerformance in Frameworks */ = {isa = PBXBuildFile; productRef = 3E7079FC2BE564C500E17DBC /* FirebasePerformance */; };
		3E7079FF2BE564C500E17DBC /* FirebaseRemoteConfig in Frameworks */ = {isa = PBXBuildFile; productRef = 3E7079FE2BE564C500E17DBC /* FirebaseRemoteConfig */; };
		3E707A012BE564C500E17DBC /* FirebaseRemoteConfigSwift in Frameworks */ = {isa = PBXBuildFile; productRef = 3E707A002BE564C500E17DBC /* FirebaseRemoteConfigSwift */; };
		3E707A032BE564C500E17DBC /* FirebaseStorage in Frameworks */ = {isa = PBXBuildFile; productRef = 3E707A022BE564C500E17DBC /* FirebaseStorage */; };
		3E707A052BE564C500E17DBC /* FirebaseStorageCombine-Community in Frameworks */ = {isa = PBXBuildFile; productRef = 3E707A042BE564C500E17DBC /* FirebaseStorageCombine-Community */; };
		3E81038D2BE77866004C97A3 /* CustomTextField.swift in Sources */ = {isa = PBXBuildFile; fileRef = 3E81038C2BE77866004C97A3 /* CustomTextField.swift */; };
		3E81038F2BE77ABC004C97A3 /* CustomButton.swift in Sources */ = {isa = PBXBuildFile; fileRef = 3E81038E2BE77ABC004C97A3 /* CustomButton.swift */; };
		3E8103912BE77BFC004C97A3 /* SignInViewController.swift in Sources */ = {isa = PBXBuildFile; fileRef = 3E8103902BE77BFC004C97A3 /* SignInViewController.swift */; };
		3E8103942BE79CBF004C97A3 /* AppColors.swift in Sources */ = {isa = PBXBuildFile; fileRef = 3E8103932BE79CBF004C97A3 /* AppColors.swift */; };
		3E8103962BE7F700004C97A3 /* SignUpViewController.swift in Sources */ = {isa = PBXBuildFile; fileRef = 3E8103952BE7F700004C97A3 /* SignUpViewController.swift */; };
		3E8FC1DE2BEE481C007BF309 /* UIImage+Extension.swift in Sources */ = {isa = PBXBuildFile; fileRef = 3E8FC1DD2BEE481C007BF309 /* UIImage+Extension.swift */; };
		3E94EA512BE95ED800B4CCCD /* GoogleService-Info.plist in Resources */ = {isa = PBXBuildFile; fileRef = 3E94EA502BE95ED800B4CCCD /* GoogleService-Info.plist */; };
		3E94EA542BE96A9E00B4CCCD /* AuthenticationManager.swift in Sources */ = {isa = PBXBuildFile; fileRef = 3E94EA532BE96A9E00B4CCCD /* AuthenticationManager.swift */; };
/* End PBXBuildFile section */

/* Begin PBXFileReference section */
		3E2E31692BE56A8900D740F0 /* CoordinatorProtocol.swift */ = {isa = PBXFileReference; lastKnownFileType = sourcecode.swift; path = CoordinatorProtocol.swift; sourceTree = "<group>"; };
		3E2E316B2BE56ADD00D740F0 /* Coordinator.swift */ = {isa = PBXFileReference; lastKnownFileType = sourcecode.swift; path = Coordinator.swift; sourceTree = "<group>"; };
		3E5DD8152BE65BD900688F90 /* AppCoordinator.swift */ = {isa = PBXFileReference; lastKnownFileType = sourcecode.swift; path = AppCoordinator.swift; sourceTree = "<group>"; };
		3E5DD8172BE65C0100688F90 /* Onboarding Coordinator.swift */ = {isa = PBXFileReference; lastKnownFileType = sourcecode.swift; path = "Onboarding Coordinator.swift"; sourceTree = "<group>"; };
		3E5DD8192BE65C0E00688F90 /* AuthenticationCoordinator.swift */ = {isa = PBXFileReference; lastKnownFileType = sourcecode.swift; path = AuthenticationCoordinator.swift; sourceTree = "<group>"; };
		3E5DD81B2BE65C2500688F90 /* ContactsCoordinator.swift */ = {isa = PBXFileReference; lastKnownFileType = sourcecode.swift; path = ContactsCoordinator.swift; sourceTree = "<group>"; };
		3E5DD81D2BE65C2C00688F90 /* ChatsCoordinator.swift */ = {isa = PBXFileReference; lastKnownFileType = sourcecode.swift; path = ChatsCoordinator.swift; sourceTree = "<group>"; };
		3E5DD81F2BE65C4300688F90 /* SettingsCoordinator.swift */ = {isa = PBXFileReference; lastKnownFileType = sourcecode.swift; path = SettingsCoordinator.swift; sourceTree = "<group>"; };
		3E5DD8242BE65C8300688F90 /* SceneFactory.swift */ = {isa = PBXFileReference; lastKnownFileType = sourcecode.swift; path = SceneFactory.swift; sourceTree = "<group>"; };
		3E5DD8262BE65CC900688F90 /* UserStorage.swift */ = {isa = PBXFileReference; lastKnownFileType = sourcecode.swift; path = UserStorage.swift; sourceTree = "<group>"; };
		3E5DD8292BE65E0E00688F90 /* OnboardingViewController.swift */ = {isa = PBXFileReference; lastKnownFileType = sourcecode.swift; path = OnboardingViewController.swift; sourceTree = "<group>"; };
		3E5DD82C2BE6B50F00688F90 /* TabBarController.swift */ = {isa = PBXFileReference; lastKnownFileType = sourcecode.swift; path = TabBarController.swift; sourceTree = "<group>"; };
		3E5DD8372BE6B67800688F90 /* ContactsViewController.swift */ = {isa = PBXFileReference; lastKnownFileType = sourcecode.swift; path = ContactsViewController.swift; sourceTree = "<group>"; };
		3E5DD8392BE6B6C700688F90 /* SettingsViewController.swift */ = {isa = PBXFileReference; lastKnownFileType = sourcecode.swift; path = SettingsViewController.swift; sourceTree = "<group>"; };
		3E5DD83B2BE6B6DB00688F90 /* ChatsViewController.swift */ = {isa = PBXFileReference; lastKnownFileType = sourcecode.swift; path = ChatsViewController.swift; sourceTree = "<group>"; };
		3E6C32C62BF0CAFE00DDC082 /* ValidationOptions.swift */ = {isa = PBXFileReference; lastKnownFileType = sourcecode.swift; path = ValidationOptions.swift; sourceTree = "<group>"; };
		3E6C32C82BF1133900DDC082 /* ForgotPasswordViewController.swift */ = {isa = PBXFileReference; lastKnownFileType = sourcecode.swift; path = ForgotPasswordViewController.swift; sourceTree = "<group>"; };
		3E6C32CA2BF1135800DDC082 /* ForgotPasswordPresenter.swift */ = {isa = PBXFileReference; lastKnownFileType = sourcecode.swift; path = ForgotPasswordPresenter.swift; sourceTree = "<group>"; };
		3E6C32CC2BF1143400DDC082 /* PopUpView.swift */ = {isa = PBXFileReference; lastKnownFileType = sourcecode.swift; path = PopUpView.swift; sourceTree = "<group>"; };
		3E6C5B152BEF8323005B8561 /* AppRegex.swift */ = {isa = PBXFileReference; lastKnownFileType = sourcecode.swift; path = AppRegex.swift; sourceTree = "<group>"; };
		3E6C5B172BEF8349005B8561 /* UILabel+Extension.swift */ = {isa = PBXFileReference; lastKnownFileType = sourcecode.swift; path = "UILabel+Extension.swift"; sourceTree = "<group>"; };
		3E6C5B192BEFDB41005B8561 /* UIViewController+Extension.swift */ = {isa = PBXFileReference; lastKnownFileType = sourcecode.swift; path = "UIViewController+Extension.swift"; sourceTree = "<group>"; };
		3E6C5B1E2BEFE246005B8561 /* SettingsPresenter.swift */ = {isa = PBXFileReference; lastKnownFileType = sourcecode.swift; path = SettingsPresenter.swift; sourceTree = "<group>"; };
		3E6C5B202BF011C3005B8561 /* UserManager.swift */ = {isa = PBXFileReference; lastKnownFileType = sourcecode.swift; path = UserManager.swift; sourceTree = "<group>"; };
		3E6F07022BED556F00F868F2 /* AuthenticationBeginningViewController.swift */ = {isa = PBXFileReference; lastKnownFileType = sourcecode.swift; path = AuthenticationBeginningViewController.swift; sourceTree = "<group>"; };
		3E6F07042BED566800F868F2 /* UIView+Extension.swift */ = {isa = PBXFileReference; lastKnownFileType = sourcecode.swift; path = "UIView+Extension.swift"; sourceTree = "<group>"; };
		3E6F07062BED5A0F00F868F2 /* AuthenticationBeginningPresenter.swift */ = {isa = PBXFileReference; lastKnownFileType = sourcecode.swift; path = AuthenticationBeginningPresenter.swift; sourceTree = "<group>"; };
		3E6F07082BED5F4A00F868F2 /* SignInPresenter.swift */ = {isa = PBXFileReference; lastKnownFileType = sourcecode.swift; path = SignInPresenter.swift; sourceTree = "<group>"; };
		3E6F070A2BED5F5300F868F2 /* SignUpPresenter.swift */ = {isa = PBXFileReference; lastKnownFileType = sourcecode.swift; path = SignUpPresenter.swift; sourceTree = "<group>"; };
		3E7079A12BE55EB300E17DBC /* TelegrameClone.app */ = {isa = PBXFileReference; explicitFileType = wrapper.application; includeInIndex = 0; path = TelegrameClone.app; sourceTree = BUILT_PRODUCTS_DIR; };
		3E7079A42BE55EB300E17DBC /* AppDelegate.swift */ = {isa = PBXFileReference; lastKnownFileType = sourcecode.swift; path = AppDelegate.swift; sourceTree = "<group>"; };
		3E7079A62BE55EB300E17DBC /* SceneDelegate.swift */ = {isa = PBXFileReference; lastKnownFileType = sourcecode.swift; path = SceneDelegate.swift; sourceTree = "<group>"; };
		3E7079A82BE55EB300E17DBC /* ViewController.swift */ = {isa = PBXFileReference; lastKnownFileType = sourcecode.swift; path = ViewController.swift; sourceTree = "<group>"; };
		3E7079AD2BE55EB400E17DBC /* Assets.xcassets */ = {isa = PBXFileReference; lastKnownFileType = folder.assetcatalog; path = Assets.xcassets; sourceTree = "<group>"; };
		3E7079B02BE55EB400E17DBC /* Base */ = {isa = PBXFileReference; lastKnownFileType = file.storyboard; name = Base; path = Base.lproj/LaunchScreen.storyboard; sourceTree = "<group>"; };
		3E7079B22BE55EB400E17DBC /* Info.plist */ = {isa = PBXFileReference; lastKnownFileType = text.plist.xml; path = Info.plist; sourceTree = "<group>"; };
		3E7079BC2BE5616100E17DBC /* Roboto-Medium.ttf */ = {isa = PBXFileReference; lastKnownFileType = file; path = "Roboto-Medium.ttf"; sourceTree = "<group>"; };
		3E7079BD2BE5616100E17DBC /* Roboto-Light.ttf */ = {isa = PBXFileReference; lastKnownFileType = file; path = "Roboto-Light.ttf"; sourceTree = "<group>"; };
		3E7079BE2BE5616100E17DBC /* Roboto-Regular.ttf */ = {isa = PBXFileReference; lastKnownFileType = file; path = "Roboto-Regular.ttf"; sourceTree = "<group>"; };
		3E7079BF2BE5616100E17DBC /* Roboto-MediumItalic.ttf */ = {isa = PBXFileReference; lastKnownFileType = file; path = "Roboto-MediumItalic.ttf"; sourceTree = "<group>"; };
		3E7079C02BE5616100E17DBC /* Roboto-ThinItalic.ttf */ = {isa = PBXFileReference; lastKnownFileType = file; path = "Roboto-ThinItalic.ttf"; sourceTree = "<group>"; };
		3E7079C12BE5616100E17DBC /* Roboto-BoldItalic.ttf */ = {isa = PBXFileReference; lastKnownFileType = file; path = "Roboto-BoldItalic.ttf"; sourceTree = "<group>"; };
		3E7079C22BE5616100E17DBC /* Roboto-LightItalic.ttf */ = {isa = PBXFileReference; lastKnownFileType = file; path = "Roboto-LightItalic.ttf"; sourceTree = "<group>"; };
		3E7079C32BE5616100E17DBC /* Roboto-Italic.ttf */ = {isa = PBXFileReference; lastKnownFileType = file; path = "Roboto-Italic.ttf"; sourceTree = "<group>"; };
		3E7079C42BE5616100E17DBC /* LICENSE.txt */ = {isa = PBXFileReference; fileEncoding = 4; lastKnownFileType = text; path = LICENSE.txt; sourceTree = "<group>"; };
		3E7079C52BE5616100E17DBC /* Roboto-BlackItalic.ttf */ = {isa = PBXFileReference; lastKnownFileType = file; path = "Roboto-BlackItalic.ttf"; sourceTree = "<group>"; };
		3E7079C62BE5616100E17DBC /* Roboto-Bold.ttf */ = {isa = PBXFileReference; lastKnownFileType = file; path = "Roboto-Bold.ttf"; sourceTree = "<group>"; };
		3E7079C72BE5616100E17DBC /* Roboto-Thin.ttf */ = {isa = PBXFileReference; lastKnownFileType = file; path = "Roboto-Thin.ttf"; sourceTree = "<group>"; };
		3E7079C82BE5616100E17DBC /* Roboto-Black.ttf */ = {isa = PBXFileReference; lastKnownFileType = file; path = "Roboto-Black.ttf"; sourceTree = "<group>"; };
		3E7079D62BE5629A00E17DBC /* UIFont+Extension.swift */ = {isa = PBXFileReference; lastKnownFileType = sourcecode.swift; path = "UIFont+Extension.swift"; sourceTree = "<group>"; };
		3E81038C2BE77866004C97A3 /* CustomTextField.swift */ = {isa = PBXFileReference; lastKnownFileType = sourcecode.swift; path = CustomTextField.swift; sourceTree = "<group>"; };
		3E81038E2BE77ABC004C97A3 /* CustomButton.swift */ = {isa = PBXFileReference; lastKnownFileType = sourcecode.swift; path = CustomButton.swift; sourceTree = "<group>"; };
		3E8103902BE77BFC004C97A3 /* SignInViewController.swift */ = {isa = PBXFileReference; lastKnownFileType = sourcecode.swift; path = SignInViewController.swift; sourceTree = "<group>"; };
		3E8103932BE79CBF004C97A3 /* AppColors.swift */ = {isa = PBXFileReference; lastKnownFileType = sourcecode.swift; path = AppColors.swift; sourceTree = "<group>"; };
		3E8103952BE7F700004C97A3 /* SignUpViewController.swift */ = {isa = PBXFileReference; lastKnownFileType = sourcecode.swift; path = SignUpViewController.swift; sourceTree = "<group>"; };
		3E8FC1DD2BEE481C007BF309 /* UIImage+Extension.swift */ = {isa = PBXFileReference; lastKnownFileType = sourcecode.swift; path = "UIImage+Extension.swift"; sourceTree = "<group>"; };
		3E94EA502BE95ED800B4CCCD /* GoogleService-Info.plist */ = {isa = PBXFileReference; fileEncoding = 4; lastKnownFileType = text.plist.xml; path = "GoogleService-Info.plist"; sourceTree = "<group>"; };
		3E94EA532BE96A9E00B4CCCD /* AuthenticationManager.swift */ = {isa = PBXFileReference; lastKnownFileType = sourcecode.swift; path = AuthenticationManager.swift; sourceTree = "<group>"; };
/* End PBXFileReference section */

/* Begin PBXFrameworksBuildPhase section */
		3E70799E2BE55EB300E17DBC /* Frameworks */ = {
			isa = PBXFrameworksBuildPhase;
			buildActionMask = 2147483647;
			files = (
				3E707A052BE564C500E17DBC /* FirebaseStorageCombine-Community in Frameworks */,
				3E7079F32BE564C500E17DBC /* FirebaseInAppMessaging-Beta in Frameworks */,
				3E7079E72BE564C500E17DBC /* FirebaseDatabaseSwift in Frameworks */,
				3E31830B2C02024100B0DB59 /* SnapKit in Frameworks */,
				3E7079FD2BE564C500E17DBC /* FirebasePerformance in Frameworks */,
				3E7079F52BE564C500E17DBC /* FirebaseInAppMessagingSwift-Beta in Frameworks */,
				3E7079F92BE564C500E17DBC /* FirebaseMLModelDownloader in Frameworks */,
				3E7079E52BE564C500E17DBC /* FirebaseDatabase in Frameworks */,
				3E7079E92BE564C500E17DBC /* FirebaseDynamicLinks in Frameworks */,
				3E7079DF2BE564C500E17DBC /* FirebaseAuth in Frameworks */,
				3E7079ED2BE564C500E17DBC /* FirebaseFirestoreSwift in Frameworks */,
				3E7079FF2BE564C500E17DBC /* FirebaseRemoteConfig in Frameworks */,
				3E707A032BE564C500E17DBC /* FirebaseStorage in Frameworks */,
				3E7079FB2BE564C500E17DBC /* FirebaseMessaging in Frameworks */,
				3E7079EB2BE564C500E17DBC /* FirebaseFirestore in Frameworks */,
				3E7079F72BE564C500E17DBC /* FirebaseInstallations in Frameworks */,
				3E7079E32BE564C500E17DBC /* FirebaseCrashlytics in Frameworks */,
				3E7079EF2BE564C500E17DBC /* FirebaseFunctions in Frameworks */,
				3E707A012BE564C500E17DBC /* FirebaseRemoteConfigSwift in Frameworks */,
				3E7079E12BE564C500E17DBC /* FirebaseAuthCombine-Community in Frameworks */,
				3E7079F12BE564C500E17DBC /* FirebaseFunctionsCombine-Community in Frameworks */,
			);
			runOnlyForDeploymentPostprocessing = 0;
		};
/* End PBXFrameworksBuildPhase section */

/* Begin PBXGroup section */
		3E2E31652BE56A5900D740F0 /* ServicesLayer */ = {
			isa = PBXGroup;
			children = (
				3E94EA522BE9696F00B4CCCD /* Authentication */,
				3E5DD8262BE65CC900688F90 /* UserStorage.swift */,
				3E6C5B202BF011C3005B8561 /* UserManager.swift */,
			);
			path = ServicesLayer;
			sourceTree = "<group>";
		};
		3E2E31662BE56A6800D740F0 /* UILayer */ = {
			isa = PBXGroup;
			children = (
				3E5DD8222BE65C6700688F90 /* Factory */,
				3E5DD8212BE65C5900688F90 /* Scenes */,
			);
			path = UILayer;
			sourceTree = "<group>";
		};
		3E2E31672BE56A6E00D740F0 /* NavigationLayer */ = {
			isa = PBXGroup;
			children = (
				3E5DD82B2BE6B4F500688F90 /* Controllers */,
				3E2E31682BE56A7700D740F0 /* Coordinators */,
			);
			path = NavigationLayer;
			sourceTree = "<group>";
		};
		3E2E31682BE56A7700D740F0 /* Coordinators */ = {
			isa = PBXGroup;
			children = (
				3E2E31692BE56A8900D740F0 /* CoordinatorProtocol.swift */,
				3E2E316B2BE56ADD00D740F0 /* Coordinator.swift */,
				3E5DD8152BE65BD900688F90 /* AppCoordinator.swift */,
				3E5DD8172BE65C0100688F90 /* Onboarding Coordinator.swift */,
				3E5DD8192BE65C0E00688F90 /* AuthenticationCoordinator.swift */,
				3E5DD81B2BE65C2500688F90 /* ContactsCoordinator.swift */,
				3E5DD81D2BE65C2C00688F90 /* ChatsCoordinator.swift */,
				3E5DD81F2BE65C4300688F90 /* SettingsCoordinator.swift */,
			);
			path = Coordinators;
			sourceTree = "<group>";
		};
		3E5DD8212BE65C5900688F90 /* Scenes */ = {
			isa = PBXGroup;
			children = (
				3E5DD8302BE6B57600688F90 /* Main */,
				3E5DD82E2BE6B56600688F90 /* Authentication */,
				3E5DD8282BE65DE900688F90 /* Onboarding */,
			);
			path = Scenes;
			sourceTree = "<group>";
		};
		3E5DD8222BE65C6700688F90 /* Factory */ = {
			isa = PBXGroup;
			children = (
				3E5DD8232BE65C7600688F90 /* SceneFactory */,
			);
			path = Factory;
			sourceTree = "<group>";
		};
		3E5DD8232BE65C7600688F90 /* SceneFactory */ = {
			isa = PBXGroup;
			children = (
				3E5DD8242BE65C8300688F90 /* SceneFactory.swift */,
			);
			path = SceneFactory;
			sourceTree = "<group>";
		};
		3E5DD8282BE65DE900688F90 /* Onboarding */ = {
			isa = PBXGroup;
			children = (
				3E5DD8292BE65E0E00688F90 /* OnboardingViewController.swift */,
			);
			path = Onboarding;
			sourceTree = "<group>";
		};
		3E5DD82B2BE6B4F500688F90 /* Controllers */ = {
			isa = PBXGroup;
			children = (
				3E5DD82C2BE6B50F00688F90 /* TabBarController.swift */,
			);
			path = Controllers;
			sourceTree = "<group>";
		};
		3E5DD82E2BE6B56600688F90 /* Authentication */ = {
			isa = PBXGroup;
			children = (
				3E6C32C52BF0CAF000DDC082 /* Other */,
				3E81038B2BE77853004C97A3 /* Views */,
				3E5DD8332BE6B5A600688F90 /* Presenters */,
				3E5DD8322BE6B5A100688F90 /* Controllers */,
			);
			path = Authentication;
			sourceTree = "<group>";
		};
		3E5DD8302BE6B57600688F90 /* Main */ = {
			isa = PBXGroup;
			children = (
				3E5DD8362BE6B5E700688F90 /* Contacts */,
				3E5DD8342BE6B5B100688F90 /* Chats */,
				3E5DD8352BE6B5E100688F90 /* Settings */,
			);
			path = Main;
			sourceTree = "<group>";
		};
		3E5DD8322BE6B5A100688F90 /* Controllers */ = {
			isa = PBXGroup;
			children = (
				3E8103902BE77BFC004C97A3 /* SignInViewController.swift */,
				3E8103952BE7F700004C97A3 /* SignUpViewController.swift */,
				3E6F07022BED556F00F868F2 /* AuthenticationBeginningViewController.swift */,
				3E6C32C82BF1133900DDC082 /* ForgotPasswordViewController.swift */,
			);
			path = Controllers;
			sourceTree = "<group>";
		};
		3E5DD8332BE6B5A600688F90 /* Presenters */ = {
			isa = PBXGroup;
			children = (
				3E6F07062BED5A0F00F868F2 /* AuthenticationBeginningPresenter.swift */,
				3E6F07082BED5F4A00F868F2 /* SignInPresenter.swift */,
				3E6F070A2BED5F5300F868F2 /* SignUpPresenter.swift */,
				3E6C32CA2BF1135800DDC082 /* ForgotPasswordPresenter.swift */,
			);
			path = Presenters;
			sourceTree = "<group>";
		};
		3E5DD8342BE6B5B100688F90 /* Chats */ = {
			isa = PBXGroup;
			children = (
				3E5DD83B2BE6B6DB00688F90 /* ChatsViewController.swift */,
			);
			path = Chats;
			sourceTree = "<group>";
		};
		3E5DD8352BE6B5E100688F90 /* Settings */ = {
			isa = PBXGroup;
			children = (
				3E6C5B1B2BEFE222005B8561 /* Presenters */,
				3E6C5B1D2BEFE233005B8561 /* Controllers */,
			);
			path = Settings;
			sourceTree = "<group>";
		};
		3E5DD8362BE6B5E700688F90 /* Contacts */ = {
			isa = PBXGroup;
			children = (
				3E5DD8372BE6B67800688F90 /* ContactsViewController.swift */,
			);
			path = Contacts;
			sourceTree = "<group>";
		};
		3E6C32C52BF0CAF000DDC082 /* Other */ = {
			isa = PBXGroup;
			children = (
				3E6C32C62BF0CAFE00DDC082 /* ValidationOptions.swift */,
			);
			path = Other;
			sourceTree = "<group>";
		};
		3E6C5B142BEF8319005B8561 /* Regex */ = {
			isa = PBXGroup;
			children = (
				3E6C5B152BEF8323005B8561 /* AppRegex.swift */,
			);
			path = Regex;
			sourceTree = "<group>";
		};
		3E6C5B1B2BEFE222005B8561 /* Presenters */ = {
			isa = PBXGroup;
			children = (
				3E6C5B1E2BEFE246005B8561 /* SettingsPresenter.swift */,
			);
			path = Presenters;
			sourceTree = "<group>";
		};
		3E6C5B1D2BEFE233005B8561 /* Controllers */ = {
			isa = PBXGroup;
			children = (
				3E5DD8392BE6B6C700688F90 /* SettingsViewController.swift */,
			);
			path = Controllers;
			sourceTree = "<group>";
		};
		3E7079982BE55EB300E17DBC = {
			isa = PBXGroup;
			children = (
				3E7079A32BE55EB300E17DBC /* TelegrameClone */,
				3E7079A22BE55EB300E17DBC /* Products */,
			);
			sourceTree = "<group>";
		};
		3E7079A22BE55EB300E17DBC /* Products */ = {
			isa = PBXGroup;
			children = (
				3E7079A12BE55EB300E17DBC /* TelegrameClone.app */,
			);
			name = Products;
			sourceTree = "<group>";
		};
		3E7079A32BE55EB300E17DBC /* TelegrameClone */ = {
			isa = PBXGroup;
			children = (
				3E2E31672BE56A6E00D740F0 /* NavigationLayer */,
				3E2E31662BE56A6800D740F0 /* UILayer */,
				3E2E31652BE56A5900D740F0 /* ServicesLayer */,
				3E7079A42BE55EB300E17DBC /* AppDelegate.swift */,
				3E7079A62BE55EB300E17DBC /* SceneDelegate.swift */,
				3E7079A82BE55EB300E17DBC /* ViewController.swift */,
				3E7079B82BE560BD00E17DBC /* Resources */,
				3E7079AD2BE55EB400E17DBC /* Assets.xcassets */,
				3E7079AF2BE55EB400E17DBC /* LaunchScreen.storyboard */,
				3E94EA502BE95ED800B4CCCD /* GoogleService-Info.plist */,
				3E7079B22BE55EB400E17DBC /* Info.plist */,
			);
			path = TelegrameClone;
			sourceTree = "<group>";
		};
		3E7079B82BE560BD00E17DBC /* Resources */ = {
			isa = PBXGroup;
			children = (
				3E6C5B142BEF8319005B8561 /* Regex */,
				3E8103922BE79CB2004C97A3 /* Colors */,
				3E7079B92BE560C400E17DBC /* Extensions */,
				3E7079BA2BE560CC00E17DBC /* Fonts */,
			);
			path = Resources;
			sourceTree = "<group>";
		};
		3E7079B92BE560C400E17DBC /* Extensions */ = {
			isa = PBXGroup;
			children = (
				3E7079D62BE5629A00E17DBC /* UIFont+Extension.swift */,
				3E6F07042BED566800F868F2 /* UIView+Extension.swift */,
				3E8FC1DD2BEE481C007BF309 /* UIImage+Extension.swift */,
				3E6C5B172BEF8349005B8561 /* UILabel+Extension.swift */,
				3E6C5B192BEFDB41005B8561 /* UIViewController+Extension.swift */,
			);
			path = Extensions;
			sourceTree = "<group>";
		};
		3E7079BA2BE560CC00E17DBC /* Fonts */ = {
			isa = PBXGroup;
			children = (
				3E7079BB2BE5616100E17DBC /* Roboto */,
			);
			path = Fonts;
			sourceTree = "<group>";
		};
		3E7079BB2BE5616100E17DBC /* Roboto */ = {
			isa = PBXGroup;
			children = (
				3E7079BC2BE5616100E17DBC /* Roboto-Medium.ttf */,
				3E7079BD2BE5616100E17DBC /* Roboto-Light.ttf */,
				3E7079BE2BE5616100E17DBC /* Roboto-Regular.ttf */,
				3E7079BF2BE5616100E17DBC /* Roboto-MediumItalic.ttf */,
				3E7079C02BE5616100E17DBC /* Roboto-ThinItalic.ttf */,
				3E7079C12BE5616100E17DBC /* Roboto-BoldItalic.ttf */,
				3E7079C22BE5616100E17DBC /* Roboto-LightItalic.ttf */,
				3E7079C32BE5616100E17DBC /* Roboto-Italic.ttf */,
				3E7079C42BE5616100E17DBC /* LICENSE.txt */,
				3E7079C52BE5616100E17DBC /* Roboto-BlackItalic.ttf */,
				3E7079C62BE5616100E17DBC /* Roboto-Bold.ttf */,
				3E7079C72BE5616100E17DBC /* Roboto-Thin.ttf */,
				3E7079C82BE5616100E17DBC /* Roboto-Black.ttf */,
			);
			path = Roboto;
			sourceTree = "<group>";
		};
		3E81038B2BE77853004C97A3 /* Views */ = {
			isa = PBXGroup;
			children = (
				3E81038C2BE77866004C97A3 /* CustomTextField.swift */,
				3E81038E2BE77ABC004C97A3 /* CustomButton.swift */,
				3E6C32CC2BF1143400DDC082 /* PopUpView.swift */,
			);
			path = Views;
			sourceTree = "<group>";
		};
		3E8103922BE79CB2004C97A3 /* Colors */ = {
			isa = PBXGroup;
			children = (
				3E8103932BE79CBF004C97A3 /* AppColors.swift */,
			);
			path = Colors;
			sourceTree = "<group>";
		};
		3E94EA522BE9696F00B4CCCD /* Authentication */ = {
			isa = PBXGroup;
			children = (
				3E94EA532BE96A9E00B4CCCD /* AuthenticationManager.swift */,
			);
			path = Authentication;
			sourceTree = "<group>";
		};
/* End PBXGroup section */

/* Begin PBXNativeTarget section */
		3E7079A02BE55EB300E17DBC /* TelegrameClone */ = {
			isa = PBXNativeTarget;
			buildConfigurationList = 3E7079B52BE55EB400E17DBC /* Build configuration list for PBXNativeTarget "TelegrameClone" */;
			buildPhases = (
				3E70799D2BE55EB300E17DBC /* Sources */,
				3E70799E2BE55EB300E17DBC /* Frameworks */,
				3E70799F2BE55EB300E17DBC /* Resources */,
			);
			buildRules = (
			);
			dependencies = (
			);
			name = TelegrameClone;
			packageProductDependencies = (
				3E7079DE2BE564C500E17DBC /* FirebaseAuth */,
				3E7079E02BE564C500E17DBC /* FirebaseAuthCombine-Community */,
				3E7079E22BE564C500E17DBC /* FirebaseCrashlytics */,
				3E7079E42BE564C500E17DBC /* FirebaseDatabase */,
				3E7079E62BE564C500E17DBC /* FirebaseDatabaseSwift */,
				3E7079E82BE564C500E17DBC /* FirebaseDynamicLinks */,
				3E7079EA2BE564C500E17DBC /* FirebaseFirestore */,
				3E7079EC2BE564C500E17DBC /* FirebaseFirestoreSwift */,
				3E7079EE2BE564C500E17DBC /* FirebaseFunctions */,
				3E7079F02BE564C500E17DBC /* FirebaseFunctionsCombine-Community */,
				3E7079F22BE564C500E17DBC /* FirebaseInAppMessaging-Beta */,
				3E7079F42BE564C500E17DBC /* FirebaseInAppMessagingSwift-Beta */,
				3E7079F62BE564C500E17DBC /* FirebaseInstallations */,
				3E7079F82BE564C500E17DBC /* FirebaseMLModelDownloader */,
				3E7079FA2BE564C500E17DBC /* FirebaseMessaging */,
				3E7079FC2BE564C500E17DBC /* FirebasePerformance */,
				3E7079FE2BE564C500E17DBC /* FirebaseRemoteConfig */,
				3E707A002BE564C500E17DBC /* FirebaseRemoteConfigSwift */,
				3E707A022BE564C500E17DBC /* FirebaseStorage */,
				3E707A042BE564C500E17DBC /* FirebaseStorageCombine-Community */,
				3E31830A2C02024100B0DB59 /* SnapKit */,
			);
			productName = TelegrameClone;
			productReference = 3E7079A12BE55EB300E17DBC /* TelegrameClone.app */;
			productType = "com.apple.product-type.application";
		};
/* End PBXNativeTarget section */

/* Begin PBXProject section */
		3E7079992BE55EB300E17DBC /* Project object */ = {
			isa = PBXProject;
			attributes = {
				BuildIndependentTargetsInParallel = 1;
				LastSwiftUpdateCheck = 1520;
				LastUpgradeCheck = 1520;
				TargetAttributes = {
					3E7079A02BE55EB300E17DBC = {
						CreatedOnToolsVersion = 15.2;
					};
				};
			};
			buildConfigurationList = 3E70799C2BE55EB300E17DBC /* Build configuration list for PBXProject "TelegrameClone" */;
			compatibilityVersion = "Xcode 14.0";
			developmentRegion = en;
			hasScannedForEncodings = 0;
			knownRegions = (
				en,
				Base,
			);
			mainGroup = 3E7079982BE55EB300E17DBC;
			packageReferences = (
				3E7079DD2BE564C500E17DBC /* XCRemoteSwiftPackageReference "firebase-ios-sdk" */,
				3E3183092C02024100B0DB59 /* XCRemoteSwiftPackageReference "SnapKit" */,
			);
			productRefGroup = 3E7079A22BE55EB300E17DBC /* Products */;
			projectDirPath = "";
			projectRoot = "";
			targets = (
				3E7079A02BE55EB300E17DBC /* TelegrameClone */,
			);
		};
/* End PBXProject section */

/* Begin PBXResourcesBuildPhase section */
		3E70799F2BE55EB300E17DBC /* Resources */ = {
			isa = PBXResourcesBuildPhase;
			buildActionMask = 2147483647;
			files = (
				3E7079D42BE5616100E17DBC /* Roboto-Thin.ttf in Resources */,
				3E7079D12BE5616100E17DBC /* LICENSE.txt in Resources */,
				3E7079D52BE5616100E17DBC /* Roboto-Black.ttf in Resources */,
				3E7079D32BE5616100E17DBC /* Roboto-Bold.ttf in Resources */,
				3E7079B12BE55EB400E17DBC /* LaunchScreen.storyboard in Resources */,
				3E7079AE2BE55EB400E17DBC /* Assets.xcassets in Resources */,
				3E7079CE2BE5616100E17DBC /* Roboto-BoldItalic.ttf in Resources */,
				3E7079CB2BE5616100E17DBC /* Roboto-Regular.ttf in Resources */,
				3E7079CD2BE5616100E17DBC /* Roboto-ThinItalic.ttf in Resources */,
				3E94EA512BE95ED800B4CCCD /* GoogleService-Info.plist in Resources */,
				3E7079CF2BE5616100E17DBC /* Roboto-LightItalic.ttf in Resources */,
				3E7079D22BE5616100E17DBC /* Roboto-BlackItalic.ttf in Resources */,
				3E7079CA2BE5616100E17DBC /* Roboto-Light.ttf in Resources */,
				3E7079D02BE5616100E17DBC /* Roboto-Italic.ttf in Resources */,
				3E7079CC2BE5616100E17DBC /* Roboto-MediumItalic.ttf in Resources */,
				3E7079C92BE5616100E17DBC /* Roboto-Medium.ttf in Resources */,
			);
			runOnlyForDeploymentPostprocessing = 0;
		};
/* End PBXResourcesBuildPhase section */

/* Begin PBXSourcesBuildPhase section */
		3E70799D2BE55EB300E17DBC /* Sources */ = {
			isa = PBXSourcesBuildPhase;
			buildActionMask = 2147483647;
			files = (
				3E6F07032BED556F00F868F2 /* AuthenticationBeginningViewController.swift in Sources */,
				3E5DD81E2BE65C2C00688F90 /* ChatsCoordinator.swift in Sources */,
				3E5DD82D2BE6B50F00688F90 /* TabBarController.swift in Sources */,
				3E5DD8202BE65C4300688F90 /* SettingsCoordinator.swift in Sources */,
				3E6C5B1A2BEFDB41005B8561 /* UIViewController+Extension.swift in Sources */,
				3E8FC1DE2BEE481C007BF309 /* UIImage+Extension.swift in Sources */,
				3E6C5B162BEF8323005B8561 /* AppRegex.swift in Sources */,
				3E8103962BE7F700004C97A3 /* SignUpViewController.swift in Sources */,
				3E7079A92BE55EB300E17DBC /* ViewController.swift in Sources */,
				3E6F07072BED5A0F00F868F2 /* AuthenticationBeginningPresenter.swift in Sources */,
				3E6C32CB2BF1135800DDC082 /* ForgotPasswordPresenter.swift in Sources */,
				3E81038D2BE77866004C97A3 /* CustomTextField.swift in Sources */,
				3E8103942BE79CBF004C97A3 /* AppColors.swift in Sources */,
				3E6C5B182BEF8349005B8561 /* UILabel+Extension.swift in Sources */,
				3E5DD8382BE6B67800688F90 /* ContactsViewController.swift in Sources */,
				3E7079A52BE55EB300E17DBC /* AppDelegate.swift in Sources */,
				3E6F07092BED5F4A00F868F2 /* SignInPresenter.swift in Sources */,
				3E5DD8272BE65CC900688F90 /* UserStorage.swift in Sources */,
				3E6C32C72BF0CAFE00DDC082 /* ValidationOptions.swift in Sources */,
				3E5DD81A2BE65C0E00688F90 /* AuthenticationCoordinator.swift in Sources */,
				3E6C5B212BF011C3005B8561 /* UserManager.swift in Sources */,
				3E6F07052BED566800F868F2 /* UIView+Extension.swift in Sources */,
				3E2E316C2BE56ADD00D740F0 /* Coordinator.swift in Sources */,
				3E8103912BE77BFC004C97A3 /* SignInViewController.swift in Sources */,
				3E94EA542BE96A9E00B4CCCD /* AuthenticationManager.swift in Sources */,
				3E6C32CD2BF1143400DDC082 /* PopUpView.swift in Sources */,
				3E6F070B2BED5F5300F868F2 /* SignUpPresenter.swift in Sources */,
				3E5DD82A2BE65E0E00688F90 /* OnboardingViewController.swift in Sources */,
				3E6C32C92BF1133900DDC082 /* ForgotPasswordViewController.swift in Sources */,
				3E81038F2BE77ABC004C97A3 /* CustomButton.swift in Sources */,
				3E5DD8252BE65C8300688F90 /* SceneFactory.swift in Sources */,
				3E2E316A2BE56A8900D740F0 /* CoordinatorProtocol.swift in Sources */,
				3E5DD81C2BE65C2500688F90 /* ContactsCoordinator.swift in Sources */,
				3E7079D72BE5629A00E17DBC /* UIFont+Extension.swift in Sources */,
				3E7079A72BE55EB300E17DBC /* SceneDelegate.swift in Sources */,
				3E5DD8182BE65C0100688F90 /* Onboarding Coordinator.swift in Sources */,
				3E5DD8162BE65BD900688F90 /* AppCoordinator.swift in Sources */,
				3E5DD83C2BE6B6DB00688F90 /* ChatsViewController.swift in Sources */,
				3E5DD83A2BE6B6C700688F90 /* SettingsViewController.swift in Sources */,
				3E6C5B1F2BEFE246005B8561 /* SettingsPresenter.swift in Sources */,
			);
			runOnlyForDeploymentPostprocessing = 0;
		};
/* End PBXSourcesBuildPhase section */

/* Begin PBXVariantGroup section */
		3E7079AF2BE55EB400E17DBC /* LaunchScreen.storyboard */ = {
			isa = PBXVariantGroup;
			children = (
				3E7079B02BE55EB400E17DBC /* Base */,
			);
			name = LaunchScreen.storyboard;
			sourceTree = "<group>";
		};
/* End PBXVariantGroup section */

/* Begin XCBuildConfiguration section */
		3E7079B32BE55EB400E17DBC /* Debug */ = {
			isa = XCBuildConfiguration;
			buildSettings = {
				ALWAYS_SEARCH_USER_PATHS = NO;
				ASSETCATALOG_COMPILER_GENERATE_SWIFT_ASSET_SYMBOL_EXTENSIONS = YES;
				CLANG_ANALYZER_NONNULL = YES;
				CLANG_ANALYZER_NUMBER_OBJECT_CONVERSION = YES_AGGRESSIVE;
				CLANG_CXX_LANGUAGE_STANDARD = "gnu++20";
				CLANG_ENABLE_MODULES = YES;
				CLANG_ENABLE_OBJC_ARC = YES;
				CLANG_ENABLE_OBJC_WEAK = YES;
				CLANG_WARN_BLOCK_CAPTURE_AUTORELEASING = YES;
				CLANG_WARN_BOOL_CONVERSION = YES;
				CLANG_WARN_COMMA = YES;
				CLANG_WARN_CONSTANT_CONVERSION = YES;
				CLANG_WARN_DEPRECATED_OBJC_IMPLEMENTATIONS = YES;
				CLANG_WARN_DIRECT_OBJC_ISA_USAGE = YES_ERROR;
				CLANG_WARN_DOCUMENTATION_COMMENTS = YES;
				CLANG_WARN_EMPTY_BODY = YES;
				CLANG_WARN_ENUM_CONVERSION = YES;
				CLANG_WARN_INFINITE_RECURSION = YES;
				CLANG_WARN_INT_CONVERSION = YES;
				CLANG_WARN_NON_LITERAL_NULL_CONVERSION = YES;
				CLANG_WARN_OBJC_IMPLICIT_RETAIN_SELF = YES;
				CLANG_WARN_OBJC_LITERAL_CONVERSION = YES;
				CLANG_WARN_OBJC_ROOT_CLASS = YES_ERROR;
				CLANG_WARN_QUOTED_INCLUDE_IN_FRAMEWORK_HEADER = YES;
				CLANG_WARN_RANGE_LOOP_ANALYSIS = YES;
				CLANG_WARN_STRICT_PROTOTYPES = YES;
				CLANG_WARN_SUSPICIOUS_MOVE = YES;
				CLANG_WARN_UNGUARDED_AVAILABILITY = YES_AGGRESSIVE;
				CLANG_WARN_UNREACHABLE_CODE = YES;
				CLANG_WARN__DUPLICATE_METHOD_MATCH = YES;
				COPY_PHASE_STRIP = NO;
				DEBUG_INFORMATION_FORMAT = dwarf;
				ENABLE_STRICT_OBJC_MSGSEND = YES;
				ENABLE_TESTABILITY = YES;
				ENABLE_USER_SCRIPT_SANDBOXING = YES;
				GCC_C_LANGUAGE_STANDARD = gnu17;
				GCC_DYNAMIC_NO_PIC = NO;
				GCC_NO_COMMON_BLOCKS = YES;
				GCC_OPTIMIZATION_LEVEL = 0;
				GCC_PREPROCESSOR_DEFINITIONS = (
					"DEBUG=1",
					"$(inherited)",
				);
				GCC_WARN_64_TO_32_BIT_CONVERSION = YES;
				GCC_WARN_ABOUT_RETURN_TYPE = YES_ERROR;
				GCC_WARN_UNDECLARED_SELECTOR = YES;
				GCC_WARN_UNINITIALIZED_AUTOS = YES_AGGRESSIVE;
				GCC_WARN_UNUSED_FUNCTION = YES;
				GCC_WARN_UNUSED_VARIABLE = YES;
				IPHONEOS_DEPLOYMENT_TARGET = 17.2;
				LOCALIZATION_PREFERS_STRING_CATALOGS = YES;
				MTL_ENABLE_DEBUG_INFO = INCLUDE_SOURCE;
				MTL_FAST_MATH = YES;
				ONLY_ACTIVE_ARCH = YES;
				SDKROOT = iphoneos;
				SWIFT_ACTIVE_COMPILATION_CONDITIONS = "DEBUG $(inherited)";
				SWIFT_OPTIMIZATION_LEVEL = "-Onone";
			};
			name = Debug;
		};
		3E7079B42BE55EB400E17DBC /* Release */ = {
			isa = XCBuildConfiguration;
			buildSettings = {
				ALWAYS_SEARCH_USER_PATHS = NO;
				ASSETCATALOG_COMPILER_GENERATE_SWIFT_ASSET_SYMBOL_EXTENSIONS = YES;
				CLANG_ANALYZER_NONNULL = YES;
				CLANG_ANALYZER_NUMBER_OBJECT_CONVERSION = YES_AGGRESSIVE;
				CLANG_CXX_LANGUAGE_STANDARD = "gnu++20";
				CLANG_ENABLE_MODULES = YES;
				CLANG_ENABLE_OBJC_ARC = YES;
				CLANG_ENABLE_OBJC_WEAK = YES;
				CLANG_WARN_BLOCK_CAPTURE_AUTORELEASING = YES;
				CLANG_WARN_BOOL_CONVERSION = YES;
				CLANG_WARN_COMMA = YES;
				CLANG_WARN_CONSTANT_CONVERSION = YES;
				CLANG_WARN_DEPRECATED_OBJC_IMPLEMENTATIONS = YES;
				CLANG_WARN_DIRECT_OBJC_ISA_USAGE = YES_ERROR;
				CLANG_WARN_DOCUMENTATION_COMMENTS = YES;
				CLANG_WARN_EMPTY_BODY = YES;
				CLANG_WARN_ENUM_CONVERSION = YES;
				CLANG_WARN_INFINITE_RECURSION = YES;
				CLANG_WARN_INT_CONVERSION = YES;
				CLANG_WARN_NON_LITERAL_NULL_CONVERSION = YES;
				CLANG_WARN_OBJC_IMPLICIT_RETAIN_SELF = YES;
				CLANG_WARN_OBJC_LITERAL_CONVERSION = YES;
				CLANG_WARN_OBJC_ROOT_CLASS = YES_ERROR;
				CLANG_WARN_QUOTED_INCLUDE_IN_FRAMEWORK_HEADER = YES;
				CLANG_WARN_RANGE_LOOP_ANALYSIS = YES;
				CLANG_WARN_STRICT_PROTOTYPES = YES;
				CLANG_WARN_SUSPICIOUS_MOVE = YES;
				CLANG_WARN_UNGUARDED_AVAILABILITY = YES_AGGRESSIVE;
				CLANG_WARN_UNREACHABLE_CODE = YES;
				CLANG_WARN__DUPLICATE_METHOD_MATCH = YES;
				COPY_PHASE_STRIP = NO;
				DEBUG_INFORMATION_FORMAT = "dwarf-with-dsym";
				ENABLE_NS_ASSERTIONS = NO;
				ENABLE_STRICT_OBJC_MSGSEND = YES;
				ENABLE_USER_SCRIPT_SANDBOXING = YES;
				GCC_C_LANGUAGE_STANDARD = gnu17;
				GCC_NO_COMMON_BLOCKS = YES;
				GCC_WARN_64_TO_32_BIT_CONVERSION = YES;
				GCC_WARN_ABOUT_RETURN_TYPE = YES_ERROR;
				GCC_WARN_UNDECLARED_SELECTOR = YES;
				GCC_WARN_UNINITIALIZED_AUTOS = YES_AGGRESSIVE;
				GCC_WARN_UNUSED_FUNCTION = YES;
				GCC_WARN_UNUSED_VARIABLE = YES;
				IPHONEOS_DEPLOYMENT_TARGET = 17.2;
				LOCALIZATION_PREFERS_STRING_CATALOGS = YES;
				MTL_ENABLE_DEBUG_INFO = NO;
				MTL_FAST_MATH = YES;
				SDKROOT = iphoneos;
				SWIFT_COMPILATION_MODE = wholemodule;
				VALIDATE_PRODUCT = YES;
			};
			name = Release;
		};
		3E7079B62BE55EB400E17DBC /* Debug */ = {
			isa = XCBuildConfiguration;
			buildSettings = {
				ASSETCATALOG_COMPILER_APPICON_NAME = AppIcon;
				ASSETCATALOG_COMPILER_GLOBAL_ACCENT_COLOR_NAME = AccentColor;
				CODE_SIGN_STYLE = Automatic;
				CURRENT_PROJECT_VERSION = 1;
				GENERATE_INFOPLIST_FILE = YES;
				INFOPLIST_FILE = TelegrameClone/Info.plist;
				INFOPLIST_KEY_UIApplicationSupportsIndirectInputEvents = YES;
				INFOPLIST_KEY_UILaunchStoryboardName = LaunchScreen;
				INFOPLIST_KEY_UIMainStoryboardFile = "";
				INFOPLIST_KEY_UISupportedInterfaceOrientations_iPad = "UIInterfaceOrientationPortrait UIInterfaceOrientationPortraitUpsideDown UIInterfaceOrientationLandscapeLeft UIInterfaceOrientationLandscapeRight";
				INFOPLIST_KEY_UISupportedInterfaceOrientations_iPhone = "UIInterfaceOrientationPortrait UIInterfaceOrientationLandscapeLeft UIInterfaceOrientationLandscapeRight";
				LD_RUNPATH_SEARCH_PATHS = (
					"$(inherited)",
					"@executable_path/Frameworks",
				);
				MARKETING_VERSION = 1.0;
				PRODUCT_BUNDLE_IDENTIFIER = a.TelegrameClone;
				PRODUCT_NAME = "$(TARGET_NAME)";
				SWIFT_EMIT_LOC_STRINGS = YES;
				SWIFT_VERSION = 5.0;
				TARGETED_DEVICE_FAMILY = "1,2";
			};
			name = Debug;
		};
		3E7079B72BE55EB400E17DBC /* Release */ = {
			isa = XCBuildConfiguration;
			buildSettings = {
				ASSETCATALOG_COMPILER_APPICON_NAME = AppIcon;
				ASSETCATALOG_COMPILER_GLOBAL_ACCENT_COLOR_NAME = AccentColor;
				CODE_SIGN_STYLE = Automatic;
				CURRENT_PROJECT_VERSION = 1;
				GENERATE_INFOPLIST_FILE = YES;
				INFOPLIST_FILE = TelegrameClone/Info.plist;
				INFOPLIST_KEY_UIApplicationSupportsIndirectInputEvents = YES;
				INFOPLIST_KEY_UILaunchStoryboardName = LaunchScreen;
				INFOPLIST_KEY_UIMainStoryboardFile = "";
				INFOPLIST_KEY_UISupportedInterfaceOrientations_iPad = "UIInterfaceOrientationPortrait UIInterfaceOrientationPortraitUpsideDown UIInterfaceOrientationLandscapeLeft UIInterfaceOrientationLandscapeRight";
				INFOPLIST_KEY_UISupportedInterfaceOrientations_iPhone = "UIInterfaceOrientationPortrait UIInterfaceOrientationLandscapeLeft UIInterfaceOrientationLandscapeRight";
				LD_RUNPATH_SEARCH_PATHS = (
					"$(inherited)",
					"@executable_path/Frameworks",
				);
				MARKETING_VERSION = 1.0;
				PRODUCT_BUNDLE_IDENTIFIER = a.TelegrameClone;
				PRODUCT_NAME = "$(TARGET_NAME)";
				SWIFT_EMIT_LOC_STRINGS = YES;
				SWIFT_VERSION = 5.0;
				TARGETED_DEVICE_FAMILY = "1,2";
			};
			name = Release;
		};
/* End XCBuildConfiguration section */

/* Begin XCConfigurationList section */
		3E70799C2BE55EB300E17DBC /* Build configuration list for PBXProject "TelegrameClone" */ = {
			isa = XCConfigurationList;
			buildConfigurations = (
				3E7079B32BE55EB400E17DBC /* Debug */,
				3E7079B42BE55EB400E17DBC /* Release */,
			);
			defaultConfigurationIsVisible = 0;
			defaultConfigurationName = Release;
		};
		3E7079B52BE55EB400E17DBC /* Build configuration list for PBXNativeTarget "TelegrameClone" */ = {
			isa = XCConfigurationList;
			buildConfigurations = (
				3E7079B62BE55EB400E17DBC /* Debug */,
				3E7079B72BE55EB400E17DBC /* Release */,
			);
			defaultConfigurationIsVisible = 0;
			defaultConfigurationName = Release;
		};
/* End XCConfigurationList section */

/* Begin XCRemoteSwiftPackageReference section */
		3E3183092C02024100B0DB59 /* XCRemoteSwiftPackageReference "SnapKit" */ = {
			isa = XCRemoteSwiftPackageReference;
			repositoryURL = "https://github.com/SnapKit/SnapKit";
			requirement = {
				kind = upToNextMajorVersion;
				minimumVersion = 5.7.1;
			};
		};
		3E7079DD2BE564C500E17DBC /* XCRemoteSwiftPackageReference "firebase-ios-sdk" */ = {
			isa = XCRemoteSwiftPackageReference;
			repositoryURL = "https://github.com/firebase/firebase-ios-sdk";
			requirement = {
				kind = upToNextMajorVersion;
				minimumVersion = 10.25.0;
			};
		};
/* End XCRemoteSwiftPackageReference section */

/* Begin XCSwiftPackageProductDependency section */
		3E31830A2C02024100B0DB59 /* SnapKit */ = {
			isa = XCSwiftPackageProductDependency;
			package = 3E3183092C02024100B0DB59 /* XCRemoteSwiftPackageReference "SnapKit" */;
			productName = SnapKit;
		};
		3E7079DE2BE564C500E17DBC /* FirebaseAuth */ = {
			isa = XCSwiftPackageProductDependency;
			package = 3E7079DD2BE564C500E17DBC /* XCRemoteSwiftPackageReference "firebase-ios-sdk" */;
			productName = FirebaseAuth;
		};
		3E7079E02BE564C500E17DBC /* FirebaseAuthCombine-Community */ = {
			isa = XCSwiftPackageProductDependency;
			package = 3E7079DD2BE564C500E17DBC /* XCRemoteSwiftPackageReference "firebase-ios-sdk" */;
			productName = "FirebaseAuthCombine-Community";
		};
		3E7079E22BE564C500E17DBC /* FirebaseCrashlytics */ = {
			isa = XCSwiftPackageProductDependency;
			package = 3E7079DD2BE564C500E17DBC /* XCRemoteSwiftPackageReference "firebase-ios-sdk" */;
			productName = FirebaseCrashlytics;
		};
		3E7079E42BE564C500E17DBC /* FirebaseDatabase */ = {
			isa = XCSwiftPackageProductDependency;
			package = 3E7079DD2BE564C500E17DBC /* XCRemoteSwiftPackageReference "firebase-ios-sdk" */;
			productName = FirebaseDatabase;
		};
		3E7079E62BE564C500E17DBC /* FirebaseDatabaseSwift */ = {
			isa = XCSwiftPackageProductDependency;
			package = 3E7079DD2BE564C500E17DBC /* XCRemoteSwiftPackageReference "firebase-ios-sdk" */;
			productName = FirebaseDatabaseSwift;
		};
		3E7079E82BE564C500E17DBC /* FirebaseDynamicLinks */ = {
			isa = XCSwiftPackageProductDependency;
			package = 3E7079DD2BE564C500E17DBC /* XCRemoteSwiftPackageReference "firebase-ios-sdk" */;
			productName = FirebaseDynamicLinks;
		};
		3E7079EA2BE564C500E17DBC /* FirebaseFirestore */ = {
			isa = XCSwiftPackageProductDependency;
			package = 3E7079DD2BE564C500E17DBC /* XCRemoteSwiftPackageReference "firebase-ios-sdk" */;
			productName = FirebaseFirestore;
		};
		3E7079EC2BE564C500E17DBC /* FirebaseFirestoreSwift */ = {
			isa = XCSwiftPackageProductDependency;
			package = 3E7079DD2BE564C500E17DBC /* XCRemoteSwiftPackageReference "firebase-ios-sdk" */;
			productName = FirebaseFirestoreSwift;
		};
		3E7079EE2BE564C500E17DBC /* FirebaseFunctions */ = {
			isa = XCSwiftPackageProductDependency;
			package = 3E7079DD2BE564C500E17DBC /* XCRemoteSwiftPackageReference "firebase-ios-sdk" */;
			productName = FirebaseFunctions;
		};
		3E7079F02BE564C500E17DBC /* FirebaseFunctionsCombine-Community */ = {
			isa = XCSwiftPackageProductDependency;
			package = 3E7079DD2BE564C500E17DBC /* XCRemoteSwiftPackageReference "firebase-ios-sdk" */;
			productName = "FirebaseFunctionsCombine-Community";
		};
		3E7079F22BE564C500E17DBC /* FirebaseInAppMessaging-Beta */ = {
			isa = XCSwiftPackageProductDependency;
			package = 3E7079DD2BE564C500E17DBC /* XCRemoteSwiftPackageReference "firebase-ios-sdk" */;
			productName = "FirebaseInAppMessaging-Beta";
		};
		3E7079F42BE564C500E17DBC /* FirebaseInAppMessagingSwift-Beta */ = {
			isa = XCSwiftPackageProductDependency;
			package = 3E7079DD2BE564C500E17DBC /* XCRemoteSwiftPackageReference "firebase-ios-sdk" */;
			productName = "FirebaseInAppMessagingSwift-Beta";
		};
		3E7079F62BE564C500E17DBC /* FirebaseInstallations */ = {
			isa = XCSwiftPackageProductDependency;
			package = 3E7079DD2BE564C500E17DBC /* XCRemoteSwiftPackageReference "firebase-ios-sdk" */;
			productName = FirebaseInstallations;
		};
		3E7079F82BE564C500E17DBC /* FirebaseMLModelDownloader */ = {
			isa = XCSwiftPackageProductDependency;
			package = 3E7079DD2BE564C500E17DBC /* XCRemoteSwiftPackageReference "firebase-ios-sdk" */;
			productName = FirebaseMLModelDownloader;
		};
		3E7079FA2BE564C500E17DBC /* FirebaseMessaging */ = {
			isa = XCSwiftPackageProductDependency;
			package = 3E7079DD2BE564C500E17DBC /* XCRemoteSwiftPackageReference "firebase-ios-sdk" */;
			productName = FirebaseMessaging;
		};
		3E7079FC2BE564C500E17DBC /* FirebasePerformance */ = {
			isa = XCSwiftPackageProductDependency;
			package = 3E7079DD2BE564C500E17DBC /* XCRemoteSwiftPackageReference "firebase-ios-sdk" */;
			productName = FirebasePerformance;
		};
		3E7079FE2BE564C500E17DBC /* FirebaseRemoteConfig */ = {
			isa = XCSwiftPackageProductDependency;
			package = 3E7079DD2BE564C500E17DBC /* XCRemoteSwiftPackageReference "firebase-ios-sdk" */;
			productName = FirebaseRemoteConfig;
		};
		3E707A002BE564C500E17DBC /* FirebaseRemoteConfigSwift */ = {
			isa = XCSwiftPackageProductDependency;
			package = 3E7079DD2BE564C500E17DBC /* XCRemoteSwiftPackageReference "firebase-ios-sdk" */;
			productName = FirebaseRemoteConfigSwift;
		};
		3E707A022BE564C500E17DBC /* FirebaseStorage */ = {
			isa = XCSwiftPackageProductDependency;
			package = 3E7079DD2BE564C500E17DBC /* XCRemoteSwiftPackageReference "firebase-ios-sdk" */;
			productName = FirebaseStorage;
		};
		3E707A042BE564C500E17DBC /* FirebaseStorageCombine-Community */ = {
			isa = XCSwiftPackageProductDependency;
			package = 3E7079DD2BE564C500E17DBC /* XCRemoteSwiftPackageReference "firebase-ios-sdk" */;
			productName = "FirebaseStorageCombine-Community";
		};
/* End XCSwiftPackageProductDependency section */
	};
	rootObject = 3E7079992BE55EB300E17DBC /* Project object */;
}
